
Microsoft Visual Studio Solution File, Format Version 12.00
# Visual Studio 15
VisualStudioVersion = 15.0.26430.12
MinimumVisualStudioVersion = 10.0.40219.1
Project("{9A19103F-16F7-4668-BE54-9A1E7A4F7556}") = "AkkaConsole", "AkkaConsole\AkkaConsole.csproj", "{F4F1C8C7-3573-4B20-A3AA-3D934D050EDB}"
EndProject
Project("{2150E333-8FDC-42A3-9474-1A3956D46DE8}") = "Solution Items", "Solution Items", "{D7D86A71-50AD-47AA-9CFD-88CCF6B1743A}"
	ProjectSection(SolutionItems) = preProject
		.gitignore = .gitignore
	EndProjectSection
EndProject
Project("{FAE04EC0-301F-11D3-BF4B-00C04F79EFBC}") = "AkkaEchoConsole", "AkkaEchoConsole\AkkaEchoConsole.csproj", "{27AD69DA-E1D8-4089-9D00-B23F00618928}"
EndProject
Project("{9A19103F-16F7-4668-BE54-9A1E7A4F7556}") = "AkkaWeb", "AkkaWeb\AkkaWeb.csproj", "{D01D2E4D-5466-492A-BBF7-DE89140E2D80}"
EndProject
Project("{FAE04EC0-301F-11D3-BF4B-00C04F79EFBC}") = "ActorModel", "ActorModel\ActorModel.csproj", "{A186E8ED-C056-4F90-9266-BF8BA8D17E4C}"
EndProject
Project("{FAE04EC0-301F-11D3-BF4B-00C04F79EFBC}") = "MessageProducer", "MessageProducer\MessageProducer.csproj", "{901E7248-B8C7-4EF7-9343-AF47EB11CA4F}"
EndProject
Project("{FAE04EC0-301F-11D3-BF4B-00C04F79EFBC}") = "MessageReceiver", "MessageReceiver\MessageReceiver.csproj", "{491D3250-A9AF-490E-A249-E5233FC4CE81}"
EndProject
Global
	GlobalSection(SolutionConfigurationPlatforms) = preSolution
		Debug|Any CPU = Debug|Any CPU
		Release|Any CPU = Release|Any CPU
	EndGlobalSection
	GlobalSection(ProjectConfigurationPlatforms) = postSolution
		{F4F1C8C7-3573-4B20-A3AA-3D934D050EDB}.Debug|Any CPU.ActiveCfg = Debug|Any CPU
		{F4F1C8C7-3573-4B20-A3AA-3D934D050EDB}.Debug|Any CPU.Build.0 = Debug|Any CPU
		{F4F1C8C7-3573-4B20-A3AA-3D934D050EDB}.Release|Any CPU.ActiveCfg = Release|Any CPU
		{F4F1C8C7-3573-4B20-A3AA-3D934D050EDB}.Release|Any CPU.Build.0 = Release|Any CPU
		{27AD69DA-E1D8-4089-9D00-B23F00618928}.Debug|Any CPU.ActiveCfg = Debug|Any CPU
		{27AD69DA-E1D8-4089-9D00-B23F00618928}.Debug|Any CPU.Build.0 = Debug|Any CPU
		{27AD69DA-E1D8-4089-9D00-B23F00618928}.Release|Any CPU.ActiveCfg = Release|Any CPU
		{27AD69DA-E1D8-4089-9D00-B23F00618928}.Release|Any CPU.Build.0 = Release|Any CPU
		{D01D2E4D-5466-492A-BBF7-DE89140E2D80}.Debug|Any CPU.ActiveCfg = Debug|Any CPU
		{D01D2E4D-5466-492A-BBF7-DE89140E2D80}.Debug|Any CPU.Build.0 = Debug|Any CPU
		{D01D2E4D-5466-492A-BBF7-DE89140E2D80}.Release|Any CPU.ActiveCfg = Release|Any CPU
		{D01D2E4D-5466-492A-BBF7-DE89140E2D80}.Release|Any CPU.Build.0 = Release|Any CPU
		{A186E8ED-C056-4F90-9266-BF8BA8D17E4C}.Debug|Any CPU.ActiveCfg = Debug|Any CPU
		{A186E8ED-C056-4F90-9266-BF8BA8D17E4C}.Debug|Any CPU.Build.0 = Debug|Any CPU
		{A186E8ED-C056-4F90-9266-BF8BA8D17E4C}.Release|Any CPU.ActiveCfg = Release|Any CPU
		{A186E8ED-C056-4F90-9266-BF8BA8D17E4C}.Release|Any CPU.Build.0 = Release|Any CPU
		{901E7248-B8C7-4EF7-9343-AF47EB11CA4F}.Debug|Any CPU.ActiveCfg = Debug|Any CPU
		{901E7248-B8C7-4EF7-9343-AF47EB11CA4F}.Debug|Any CPU.Build.0 = Debug|Any CPU
		{901E7248-B8C7-4EF7-9343-AF47EB11CA4F}.Release|Any CPU.ActiveCfg = Release|Any CPU
		{901E7248-B8C7-4EF7-9343-AF47EB11CA4F}.Release|Any CPU.Build.0 = Release|Any CPU
		{491D3250-A9AF-490E-A249-E5233FC4CE81}.Debug|Any CPU.ActiveCfg = Debug|Any CPU
		{491D3250-A9AF-490E-A249-E5233FC4CE81}.Debug|Any CPU.Build.0 = Debug|Any CPU
		{491D3250-A9AF-490E-A249-E5233FC4CE81}.Release|Any CPU.ActiveCfg = Release|Any CPU
		{491D3250-A9AF-490E-A249-E5233FC4CE81}.Release|Any CPU.Build.0 = Release|Any CPU
	EndGlobalSection
	GlobalSection(SolutionProperties) = preSolution
		HideSolutionNode = FALSE
	EndGlobalSection
EndGlobal
